// !$*UTF8*$!
{
	archiveVersion = 1;
	classes = {
	};
	objectVersion = 46;
	objects = {

/* Begin PBXBuildFile section */
		37993D901C6EE688000621F7 /* AppDelegate.swift in Sources */ = {isa = PBXBuildFile; fileRef = 37993D8F1C6EE688000621F7 /* AppDelegate.swift */; };
		37993D921C6EE688000621F7 /* ViewController.swift in Sources */ = {isa = PBXBuildFile; fileRef = 37993D911C6EE688000621F7 /* ViewController.swift */; };
		37993D951C6EE688000621F7 /* Main.storyboard in Resources */ = {isa = PBXBuildFile; fileRef = 37993D931C6EE688000621F7 /* Main.storyboard */; };
		37993D971C6EE688000621F7 /* Assets.xcassets in Resources */ = {isa = PBXBuildFile; fileRef = 37993D961C6EE688000621F7 /* Assets.xcassets */; };
		37993D9A1C6EE688000621F7 /* LaunchScreen.storyboard in Resources */ = {isa = PBXBuildFile; fileRef = 37993D981C6EE688000621F7 /* LaunchScreen.storyboard */; };
		37993DB01C6EE69F000621F7 /* CoreMotion.framework in Frameworks */ = {isa = PBXBuildFile; fileRef = 37993DAF1C6EE69F000621F7 /* CoreMotion.framework */; };
		37993DB21C6EE700000621F7 /* Motion.swift in Sources */ = {isa = PBXBuildFile; fileRef = 37993DB11C6EE700000621F7 /* Motion.swift */; };
		379940FC1C70044B000621F7 /* RxCocoa.framework in Frameworks */ = {isa = PBXBuildFile; fileRef = 379940FA1C70044B000621F7 /* RxCocoa.framework */; };
		379940FD1C70044B000621F7 /* RxSwift.framework in Frameworks */ = {isa = PBXBuildFile; fileRef = 379940FB1C70044B000621F7 /* RxSwift.framework */; };
		379941031C703DAC000621F7 /* ViewGenerator.swift in Sources */ = {isa = PBXBuildFile; fileRef = 379941021C703DAC000621F7 /* ViewGenerator.swift */; };
/* End PBXBuildFile section */

/* Begin PBXFileReference section */
		37993D8C1C6EE688000621F7 /* EarthquakeTester.app */ = {isa = PBXFileReference; explicitFileType = wrapper.application; includeInIndex = 0; path = EarthquakeTester.app; sourceTree = BUILT_PRODUCTS_DIR; };
		37993D8F1C6EE688000621F7 /* AppDelegate.swift */ = {isa = PBXFileReference; lastKnownFileType = sourcecode.swift; path = AppDelegate.swift; sourceTree = "<group>"; };
		37993D911C6EE688000621F7 /* ViewController.swift */ = {isa = PBXFileReference; lastKnownFileType = sourcecode.swift; path = ViewController.swift; sourceTree = "<group>"; };
		37993D941C6EE688000621F7 /* Base */ = {isa = PBXFileReference; lastKnownFileType = file.storyboard; name = Base; path = Base.lproj/Main.storyboard; sourceTree = "<group>"; };
		37993D961C6EE688000621F7 /* Assets.xcassets */ = {isa = PBXFileReference; lastKnownFileType = folder.assetcatalog; path = Assets.xcassets; sourceTree = "<group>"; };
		37993D991C6EE688000621F7 /* Base */ = {isa = PBXFileReference; lastKnownFileType = file.storyboard; name = Base; path = Base.lproj/LaunchScreen.storyboard; sourceTree = "<group>"; };
		37993D9B1C6EE688000621F7 /* Info.plist */ = {isa = PBXFileReference; lastKnownFileType = text.plist.xml; path = Info.plist; sourceTree = "<group>"; };
		37993DAF1C6EE69F000621F7 /* CoreMotion.framework */ = {isa = PBXFileReference; lastKnownFileType = wrapper.framework; name = CoreMotion.framework; path = System/Library/Frameworks/CoreMotion.framework; sourceTree = SDKROOT; };
		37993DB11C6EE700000621F7 /* Motion.swift */ = {isa = PBXFileReference; fileEncoding = 4; lastKnownFileType = sourcecode.swift; path = Motion.swift; sourceTree = "<group>"; };
		379940FA1C70044B000621F7 /* RxCocoa.framework */ = {isa = PBXFileReference; lastKnownFileType = wrapper.framework; name = RxCocoa.framework; path = Carthage/Build/iOS/RxCocoa.framework; sourceTree = "<group>"; };
		379940FB1C70044B000621F7 /* RxSwift.framework */ = {isa = PBXFileReference; lastKnownFileType = wrapper.framework; name = RxSwift.framework; path = Carthage/Build/iOS/RxSwift.framework; sourceTree = "<group>"; };
		379941021C703DAC000621F7 /* ViewGenerator.swift */ = {isa = PBXFileReference; fileEncoding = 4; lastKnownFileType = sourcecode.swift; path = ViewGenerator.swift; sourceTree = "<group>"; };
/* End PBXFileReference section */

/* Begin PBXFrameworksBuildPhase section */
		37993D891C6EE688000621F7 /* Frameworks */ = {
			isa = PBXFrameworksBuildPhase;
			buildActionMask = 2147483647;
			files = (
				379940FC1C70044B000621F7 /* RxCocoa.framework in Frameworks */,
				379940FD1C70044B000621F7 /* RxSwift.framework in Frameworks */,
				37993DB01C6EE69F000621F7 /* CoreMotion.framework in Frameworks */,
			);
			runOnlyForDeploymentPostprocessing = 0;
		};
/* End PBXFrameworksBuildPhase section */

/* Begin PBXGroup section */
		37993D831C6EE688000621F7 = {
			isa = PBXGroup;
			children = (
				379940FA1C70044B000621F7 /* RxCocoa.framework */,
				379940FB1C70044B000621F7 /* RxSwift.framework */,
				37993DAF1C6EE69F000621F7 /* CoreMotion.framework */,
				37993D8E1C6EE688000621F7 /* EarthquakeTester */,
				37993D8D1C6EE688000621F7 /* Products */,
			);
			sourceTree = "<group>";
		};
		37993D8D1C6EE688000621F7 /* Products */ = {
			isa = PBXGroup;
			children = (
				37993D8C1C6EE688000621F7 /* EarthquakeTester.app */,
			);
			name = Products;
			sourceTree = "<group>";
		};
		37993D8E1C6EE688000621F7 /* EarthquakeTester */ = {
			isa = PBXGroup;
			children = (
				37993D8F1C6EE688000621F7 /* AppDelegate.swift */,
				37993D911C6EE688000621F7 /* ViewController.swift */,
				37993D931C6EE688000621F7 /* Main.storyboard */,
				37993D961C6EE688000621F7 /* Assets.xcassets */,
				37993D981C6EE688000621F7 /* LaunchScreen.storyboard */,
				37993D9B1C6EE688000621F7 /* Info.plist */,
				37993DB11C6EE700000621F7 /* Motion.swift */,
				379941021C703DAC000621F7 /* ViewGenerator.swift */,
			);
			path = EarthquakeTester;
			sourceTree = "<group>";
		};
/* End PBXGroup section */

/* Begin PBXNativeTarget section */
		37993D8B1C6EE688000621F7 /* EarthquakeTester */ = {
			isa = PBXNativeTarget;
			buildConfigurationList = 37993DA91C6EE688000621F7 /* Build configuration list for PBXNativeTarget "EarthquakeTester" */;
			buildPhases = (
				37993D881C6EE688000621F7 /* Sources */,
				37993D891C6EE688000621F7 /* Frameworks */,
				37993D8A1C6EE688000621F7 /* Resources */,
				379941011C703AA8000621F7 /* ShellScript */,
			);
			buildRules = (
			);
			dependencies = (
			);
			name = EarthquakeTester;
			productName = EarthquakeTester;
			productReference = 37993D8C1C6EE688000621F7 /* EarthquakeTester.app */;
			productType = "com.apple.product-type.application";
		};
/* End PBXNativeTarget section */

/* Begin PBXProject section */
		37993D841C6EE688000621F7 /* Project object */ = {
			isa = PBXProject;
			attributes = {
				LastSwiftUpdateCheck = 0720;
				LastUpgradeCheck = 0720;
				ORGANIZATIONNAME = Svper;
				TargetAttributes = {
					37993D8B1C6EE688000621F7 = {
						CreatedOnToolsVersion = 7.2.1;
						DevelopmentTeam = L9LZVGCP3F;
					};
				};
			};
			buildConfigurationList = 37993D871C6EE688000621F7 /* Build configuration list for PBXProject "EarthquakeTester" */;
			compatibilityVersion = "Xcode 3.2";
			developmentRegion = English;
			hasScannedForEncodings = 0;
			knownRegions = (
				en,
				Base,
			);
			mainGroup = 37993D831C6EE688000621F7;
			productRefGroup = 37993D8D1C6EE688000621F7 /* Products */;
			projectDirPath = "";
			projectRoot = "";
			targets = (
				37993D8B1C6EE688000621F7 /* EarthquakeTester */,
			);
		};
/* End PBXProject section */

/* Begin PBXResourcesBuildPhase section */
		37993D8A1C6EE688000621F7 /* Resources */ = {
			isa = PBXResourcesBuildPhase;
			buildActionMask = 2147483647;
			files = (
				37993D9A1C6EE688000621F7 /* LaunchScreen.storyboard in Resources */,
				37993D971C6EE688000621F7 /* Assets.xcassets in Resources */,
				37993D951C6EE688000621F7 /* Main.storyboard in Resources */,
			);
			runOnlyForDeploymentPostprocessing = 0;
		};
/* End PBXResourcesBuildPhase section */

/* Begin PBXShellScriptBuildPhase section */
		379941011C703AA8000621F7 /* ShellScript */ = {
			isa = PBXShellScriptBuildPhase;
			buildActionMask = 2147483647;
			files = (
			);
			inputPaths = (
				"$(SRCROOT)/Carthage/Build/iOS/RxSwift.framework",
				"$(SRCROOT)/Carthage/Build/iOS/RxCocoa.framework",
			);
			outputPaths = (
			);
			runOnlyForDeploymentPostprocessing = 0;
			shellPath = /bin/sh;
			shellScript = "/usr/local/bin/carthage copy-frameworks";
		};
/* End PBXShellScriptBuildPhase section */

/* Begin PBXSourcesBuildPhase section */
		37993D881C6EE688000621F7 /* Sources */ = {
			isa = PBXSourcesBuildPhase;
			buildActionMask = 2147483647;
			files = (
				37993D921C6EE688000621F7 /* ViewController.swift in Sources */,
				37993DB21C6EE700000621F7 /* Motion.swift in Sources */,
				37993D901C6EE688000621F7 /* AppDelegate.swift in Sources */,
				379941031C703DAC000621F7 /* ViewGenerator.swift in Sources */,
			);
			runOnlyForDeploymentPostprocessing = 0;
		};
/* End PBXSourcesBuildPhase section */

/* Begin PBXVariantGroup section */
		37993D931C6EE688000621F7 /* Main.storyboard */ = {
			isa = PBXVariantGroup;
			children = (
				37993D941C6EE688000621F7 /* Base */,
			);
			name = Main.storyboard;
			sourceTree = "<group>";
		};
		37993D981C6EE688000621F7 /* LaunchScreen.storyboard */ = {
			isa = PBXVariantGroup;
			children = (
				37993D991C6EE688000621F7 /* Base */,
			);
			name = LaunchScreen.storyboard;
			sourceTree = "<group>";
		};
/* End PBXVariantGroup section */

/* Begin XCBuildConfiguration section */
		37993DA71C6EE688000621F7 /* Debug */ = {
			isa = XCBuildConfiguration;
			buildSettings = {
				ALWAYS_SEARCH_USER_PATHS = NO;
				CLANG_CXX_LANGUAGE_STANDARD = "gnu++0x";
				CLANG_CXX_LIBRARY = "libc++";
				CLANG_ENABLE_MODULES = YES;
				CLANG_ENABLE_OBJC_ARC = YES;
				CLANG_WARN_BOOL_CONVERSION = YES;
				CLANG_WARN_CONSTANT_CONVERSION = YES;
				CLANG_WARN_DIRECT_OBJC_ISA_USAGE = YES_ERROR;
				CLANG_WARN_EMPTY_BODY = YES;
				CLANG_WARN_ENUM_CONVERSION = YES;
				CLANG_WARN_INT_CONVERSION = YES;
				CLANG_WARN_OBJC_ROOT_CLASS = YES_ERROR;
				CLANG_WARN_UNREACHABLE_CODE = YES;
				CLANG_WARN__DUPLICATE_METHOD_MATCH = YES;
				"CODE_SIGN_IDENTITY[sdk=iphoneos*]" = "iPhone Developer";
				COPY_PHASE_STRIP = NO;
				DEBUG_INFORMATION_FORMAT = dwarf;
				ENABLE_STRICT_OBJC_MSGSEND = YES;
				ENABLE_TESTABILITY = YES;
				GCC_C_LANGUAGE_STANDARD = gnu99;
				GCC_DYNAMIC_NO_PIC = NO;
				GCC_NO_COMMON_BLOCKS = YES;
				GCC_OPTIMIZATION_LEVEL = 0;
				GCC_PREPROCESSOR_DEFINITIONS = (
					"DEBUG=1",
					"$(inherited)",
				);
				GCC_WARN_64_TO_32_BIT_CONVERSION = YES;
				GCC_WARN_ABOUT_RETURN_TYPE = YES_ERROR;
				GCC_WARN_UNDECLARED_SELECTOR = YES;
				GCC_WARN_UNINITIALIZED_AUTOS = YES_AGGRESSIVE;
				GCC_WARN_UNUSED_FUNCTION = YES;
				GCC_WARN_UNUSED_VARIABLE = YES;
				IPHONEOS_DEPLOYMENT_TARGET = 9.2;
				MTL_ENABLE_DEBUG_INFO = YES;
				ONLY_ACTIVE_ARCH = YES;
				SDKROOT = iphoneos;
				SWIFT_OPTIMIZATION_LEVEL = "-Onone";
				TARGETED_DEVICE_FAMILY = "1,2";
			};
			name = Debug;
		};
		37993DA81C6EE688000621F7 /* Release */ = {
			isa = XCBuildConfiguration;
			buildSettings = {
				ALWAYS_SEARCH_USER_PATHS = NO;
				CLANG_CXX_LANGUAGE_STANDARD = "gnu++0x";
				CLANG_CXX_LIBRARY = "libc++";
				CLANG_ENABLE_MODULES = YES;
				CLANG_ENABLE_OBJC_ARC = YES;
				CLANG_WARN_BOOL_CONVERSION = YES;
				CLANG_WARN_CONSTANT_CONVERSION = YES;
				CLANG_WARN_DIRECT_OBJC_ISA_USAGE = YES_ERROR;
				CLANG_WARN_EMPTY_BODY = YES;
				CLANG_WARN_ENUM_CONVERSION = YES;
				CLANG_WARN_INT_CONVERSION = YES;
				CLANG_WARN_OBJC_ROOT_CLASS = YES_ERROR;
				CLANG_WARN_UNREACHABLE_CODE = YES;
				CLANG_WARN__DUPLICATE_METHOD_MATCH = YES;
				"CODE_SIGN_IDENTITY[sdk=iphoneos*]" = "iPhone Developer";
				COPY_PHASE_STRIP = NO;
				DEBUG_INFORMATION_FORMAT = "dwarf-with-dsym";
				ENABLE_NS_ASSERTIONS = NO;
				ENABLE_STRICT_OBJC_MSGSEND = YES;
				GCC_C_LANGUAGE_STANDARD = gnu99;
				GCC_NO_COMMON_BLOCKS = YES;
				GCC_WARN_64_TO_32_BIT_CONVERSION = YES;
				GCC_WARN_ABOUT_RETURN_TYPE = YES_ERROR;
				GCC_WARN_UNDECLARED_SELECTOR = YES;
				GCC_WARN_UNINITIALIZED_AUTOS = YES_AGGRESSIVE;
				GCC_WARN_UNUSED_FUNCTION = YES;
				GCC_WARN_UNUSED_VARIABLE = YES;
				IPHONEOS_DEPLOYMENT_TARGET = 9.2;
				MTL_ENABLE_DEBUG_INFO = NO;
				SDKROOT = iphoneos;
				TARGETED_DEVICE_FAMILY = "1,2";
				VALIDATE_PRODUCT = YES;
			};
			name = Release;
		};
		37993DAA1C6EE688000621F7 /* Debug */ = {
			isa = XCBuildConfiguration;
			buildSettings = {
				ASSETCATALOG_COMPILER_APPICON_NAME = AppIcon;
				CODE_SIGN_IDENTITY = "iPhone Developer";
				"CODE_SIGN_IDENTITY[sdk=iphoneos*]" = "iPhone Developer";
				FRAMEWORK_SEARCH_PATHS = (
					"$(inherited)",
					"$(PROJECT_DIR)/Carthage/Build/iOS",
				);
				INFOPLIST_FILE = EarthquakeTester/Info.plist;
				LD_RUNPATH_SEARCH_PATHS = "$(inherited) @executable_path/Frameworks";
				PRODUCT_BUNDLE_IDENTIFIER = ca.svper.EarthquakeTester;
				PRODUCT_NAME = "$(TARGET_NAME)";
				PROVISIONING_PROFILE = "";
			};
			name = Debug;
		};
		37993DAB1C6EE688000621F7 /* Release */ = {
			isa = XCBuildConfiguration;
			buildSettings = {
				ASSETCATALOG_COMPILER_APPICON_NAME = AppIcon;
				CODE_SIGN_IDENTITY = "iPhone Developer";
				"CODE_SIGN_IDENTITY[sdk=iphoneos*]" = "iPhone Developer";
				FRAMEWORK_SEARCH_PATHS = (
					"$(inherited)",
					"$(PROJECT_DIR)/Carthage/Build/iOS",
				);
				INFOPLIST_FILE = EarthquakeTester/Info.plist;
				LD_RUNPATH_SEARCH_PATHS = "$(inherited) @executable_path/Frameworks";
				PRODUCT_BUNDLE_IDENTIFIER = ca.svper.EarthquakeTester;
				PRODUCT_NAME = "$(TARGET_NAME)";
				PROVISIONING_PROFILE = "";
			};
			name = Release;
		};
/* End XCBuildConfiguration section */

/* Begin XCConfigurationList section */
		37993D871C6EE688000621F7 /* Build configuration list for PBXProject "EarthquakeTester" */ = {
			isa = XCConfigurationList;
			buildConfigurations = (
				37993DA71C6EE688000621F7 /* Debug */,
				37993DA81C6EE688000621F7 /* Release */,
			);
			defaultConfigurationIsVisible = 0;
			defaultConfigurationName = Release;
		};
		37993DA91C6EE688000621F7 /* Build configuration list for PBXNativeTarget "EarthquakeTester" */ = {
			isa = XCConfigurationList;
			buildConfigurations = (
				37993DAA1C6EE688000621F7 /* Debug */,
				37993DAB1C6EE688000621F7 /* Release */,
			);
			defaultConfigurationIsVisible = 0;
			defaultConfigurationName = Release;
		};
/* End XCConfigurationList section */
	};
	rootObject = 37993D841C6EE688000621F7 /* Project object */;
}
